
Microsoft Visual Studio Solution File, Format Version 12.00
# Visual Studio 15
VisualStudioVersion = 15.0.28307.168
MinimumVisualStudioVersion = 10.0.40219.1
Project("{FAE04EC0-301F-11D3-BF4B-00C04F79EFBC}") = "BookLover", "BookLover\BookLover.csproj", "{2D096C10-E963-4165-9BE6-5030BA6EED1A}"
EndProject
Global
	GlobalSection(SolutionConfigurationPlatforms) = preSolution
		Debug|Any CPU = Debug|Any CPU
		Release|Any CPU = Release|Any CPU
	EndGlobalSection
	GlobalSection(ProjectConfigurationPlatforms) = postSolution
		{2D096C10-E963-4165-9BE6-5030BA6EED1A}.Debug|Any CPU.ActiveCfg = Debug|Any CPU
		{2D096C10-E963-4165-9BE6-5030BA6EED1A}.Debug|Any CPU.Build.0 = Debug|Any CPU
		{2D096C10-E963-4165-9BE6-5030BA6EED1A}.Release|Any CPU.ActiveCfg = Release|Any CPU
		{2D096C10-E963-4165-9BE6-5030BA6EED1A}.Release|Any CPU.Build.0 = Release|Any CPU
	EndGlobalSection
	GlobalSection(SolutionProperties) = preSolution
		HideSolutionNode = FALSE
	EndGlobalSection
	GlobalSection(ExtensibilityGlobals) = postSolution
		SolutionGuid = {7D611DBA-7165-4588-9854-11ED293701FE}
	EndGlobalSection
EndGlobal
